// !$*UTF8*$!
{
	archiveVersion = 1;
	classes = {
	};
	objectVersion = 46;
	objects = {

/* Begin PBXBuildFile section */
		44B1142D14022E4A00426D45 /* QuartzCore.framework in Frameworks */ = {isa = PBXBuildFile; fileRef = 44B1142C14022E4A00426D45 /* QuartzCore.framework */; };
		8E2BD4A81423263F00D9B778 /* NSObject+SBJSON.m in Sources */ = {isa = PBXBuildFile; fileRef = 8E2BD49D1423263F00D9B778 /* NSObject+SBJSON.m */; };
		8E2BD4A91423263F00D9B778 /* NSString+SBJSON.m in Sources */ = {isa = PBXBuildFile; fileRef = 8E2BD49F1423263F00D9B778 /* NSString+SBJSON.m */; };
		8E2BD4AA1423263F00D9B778 /* SBJSON.m in Sources */ = {isa = PBXBuildFile; fileRef = 8E2BD4A11423263F00D9B778 /* SBJSON.m */; };
		8E2BD4AB1423263F00D9B778 /* SBJsonBase.m in Sources */ = {isa = PBXBuildFile; fileRef = 8E2BD4A31423263F00D9B778 /* SBJsonBase.m */; };
		8E2BD4AC1423263F00D9B778 /* SBJsonParser.m in Sources */ = {isa = PBXBuildFile; fileRef = 8E2BD4A51423263F00D9B778 /* SBJsonParser.m */; };
		8E2BD4AD1423263F00D9B778 /* SBJsonWriter.m in Sources */ = {isa = PBXBuildFile; fileRef = 8E2BD4A71423263F00D9B778 /* SBJsonWriter.m */; };
		8E2BD4FA1423264C00D9B778 /* ROError.m in Sources */ = {isa = PBXBuildFile; fileRef = 8E2BD4B11423264C00D9B778 /* ROError.m */; };
		8E2BD4FB1423264C00D9B778 /* bottom-bar.png in Resources */ = {isa = PBXBuildFile; fileRef = 8E2BD4B31423264C00D9B778 /* bottom-bar.png */; };
		8E2BD4FC1423264C00D9B778 /* bottom-bar@2x.png in Resources */ = {isa = PBXBuildFile; fileRef = 8E2BD4B41423264C00D9B778 /* bottom-bar@2x.png */; };
		8E2BD4FD1423264C00D9B778 /* head-frame.png in Resources */ = {isa = PBXBuildFile; fileRef = 8E2BD4B51423264C00D9B778 /* head-frame.png */; };
		8E2BD4FE1423264C00D9B778 /* head-frame@2x.png in Resources */ = {isa = PBXBuildFile; fileRef = 8E2BD4B61423264C00D9B778 /* head-frame@2x.png */; };
		8E2BD4FF1423264C00D9B778 /* input-frame.png in Resources */ = {isa = PBXBuildFile; fileRef = 8E2BD4B71423264C00D9B778 /* input-frame.png */; };
		8E2BD5001423264C00D9B778 /* input-frame@2x.png in Resources */ = {isa = PBXBuildFile; fileRef = 8E2BD4B81423264C00D9B778 /* input-frame@2x.png */; };
		8E2BD5011423264C00D9B778 /* photo-frame.png in Resources */ = {isa = PBXBuildFile; fileRef = 8E2BD4B91423264C00D9B778 /* photo-frame.png */; };
		8E2BD5021423264C00D9B778 /* photo-frame@2x.png in Resources */ = {isa = PBXBuildFile; fileRef = 8E2BD4BA1423264C00D9B778 /* photo-frame@2x.png */; };
		8E2BD5031423264C00D9B778 /* renren-logo-top-bar.png in Resources */ = {isa = PBXBuildFile; fileRef = 8E2BD4BB1423264C00D9B778 /* renren-logo-top-bar.png */; };
		8E2BD5041423264C00D9B778 /* renren-logo-top-bar@2x.png in Resources */ = {isa = PBXBuildFile; fileRef = 8E2BD4BC1423264C00D9B778 /* renren-logo-top-bar@2x.png */; };
		8E2BD5051423264C00D9B778 /* small-button-normal.png in Resources */ = {isa = PBXBuildFile; fileRef = 8E2BD4BD1423264C00D9B778 /* small-button-normal.png */; };
		8E2BD5061423264C00D9B778 /* small-button-normal@2x.png in Resources */ = {isa = PBXBuildFile; fileRef = 8E2BD4BE1423264C00D9B778 /* small-button-normal@2x.png */; };
		8E2BD5071423264C00D9B778 /* Renren.m in Sources */ = {isa = PBXBuildFile; fileRef = 8E2BD4C01423264C00D9B778 /* Renren.m */; };
		8E2BD5081423264C00D9B778 /* ROAlbumsInfoRequestParam.m in Sources */ = {isa = PBXBuildFile; fileRef = 8E2BD4C31423264C00D9B778 /* ROAlbumsInfoRequestParam.m */; };
		8E2BD5091423264C00D9B778 /* ROCreateAlbumRequestParam.m in Sources */ = {isa = PBXBuildFile; fileRef = 8E2BD4C51423264C00D9B778 /* ROCreateAlbumRequestParam.m */; };
		8E2BD50A1423264C00D9B778 /* ROGetFriendsInfoRequestParam.m in Sources */ = {isa = PBXBuildFile; fileRef = 8E2BD4C71423264C00D9B778 /* ROGetFriendsInfoRequestParam.m */; };
		8E2BD50B1423264C00D9B778 /* ROGetFriendsRequestParam.m in Sources */ = {isa = PBXBuildFile; fileRef = 8E2BD4C91423264C00D9B778 /* ROGetFriendsRequestParam.m */; };
		8E2BD50C1423264C00D9B778 /* ROPasswordFlowRequestParam.m in Sources */ = {isa = PBXBuildFile; fileRef = 8E2BD4CB1423264C00D9B778 /* ROPasswordFlowRequestParam.m */; };
		8E2BD50D1423264C00D9B778 /* ROPublishPhotoRequestParam.m in Sources */ = {isa = PBXBuildFile; fileRef = 8E2BD4CD1423264C00D9B778 /* ROPublishPhotoRequestParam.m */; };
		8E2BD50E1423264C00D9B778 /* RORequestParam.m in Sources */ = {isa = PBXBuildFile; fileRef = 8E2BD4CF1423264C00D9B778 /* RORequestParam.m */; };
		8E2BD50F1423264C00D9B778 /* ROUserInfoRequestParam.m in Sources */ = {isa = PBXBuildFile; fileRef = 8E2BD4D11423264C00D9B778 /* ROUserInfoRequestParam.m */; };
		8E2BD5101423264C00D9B778 /* ROAlbumResponseltem.m in Sources */ = {isa = PBXBuildFile; fileRef = 8E2BD4D41423264C00D9B778 /* ROAlbumResponseltem.m */; };
		8E2BD5111423264C00D9B778 /* ROCreateAlbumResponseItem.m in Sources */ = {isa = PBXBuildFile; fileRef = 8E2BD4D61423264C00D9B778 /* ROCreateAlbumResponseItem.m */; };
		8E2BD5121423264C00D9B778 /* ROFriendResponseItem.m in Sources */ = {isa = PBXBuildFile; fileRef = 8E2BD4D81423264C00D9B778 /* ROFriendResponseItem.m */; };
		8E2BD5131423264C00D9B778 /* ROPublishPhotoResponseItem.m in Sources */ = {isa = PBXBuildFile; fileRef = 8E2BD4DA1423264C00D9B778 /* ROPublishPhotoResponseItem.m */; };
		8E2BD5141423264C00D9B778 /* ROResponseItem.m in Sources */ = {isa = PBXBuildFile; fileRef = 8E2BD4DC1423264C00D9B778 /* ROResponseItem.m */; };
		8E2BD5151423264C00D9B778 /* ROUserResponseItem.m in Sources */ = {isa = PBXBuildFile; fileRef = 8E2BD4DE1423264C00D9B778 /* ROUserResponseItem.m */; };
		8E2BD5161423264C00D9B778 /* RODialog.m in Sources */ = {isa = PBXBuildFile; fileRef = 8E2BD4E11423264C00D9B778 /* RODialog.m */; };
		8E2BD5171423264C00D9B778 /* RORequest.m in Sources */ = {isa = PBXBuildFile; fileRef = 8E2BD4E31423264C00D9B778 /* RORequest.m */; };
		8E2BD5181423264C00D9B778 /* ROResponse.m in Sources */ = {isa = PBXBuildFile; fileRef = 8E2BD4E51423264C00D9B778 /* ROResponse.m */; };
		8E2BD5191423264C00D9B778 /* RODialogModel.m in Sources */ = {isa = PBXBuildFile; fileRef = 8E2BD4E81423264C00D9B778 /* RODialogModel.m */; };
		8E2BD51A1423264C00D9B778 /* RODialogView.m in Sources */ = {isa = PBXBuildFile; fileRef = 8E2BD4EA1423264C00D9B778 /* RODialogView.m */; };
		8E2BD51B1423264C00D9B778 /* ROPublishPhotoDialogModel.m in Sources */ = {isa = PBXBuildFile; fileRef = 8E2BD4ED1423264C00D9B778 /* ROPublishPhotoDialogModel.m */; };
		8E2BD51C1423264C00D9B778 /* ROPublishPhotoInternal.m in Sources */ = {isa = PBXBuildFile; fileRef = 8E2BD4EF1423264C00D9B778 /* ROPublishPhotoInternal.m */; };
		8E2BD51D1423264C00D9B778 /* ROUtility.m in Sources */ = {isa = PBXBuildFile; fileRef = 8E2BD4F21423264C00D9B778 /* ROUtility.m */; };
		8E2BD51E1423264C00D9B778 /* ROCloseButton.m in Sources */ = {isa = PBXBuildFile; fileRef = 8E2BD4F51423264C00D9B778 /* ROCloseButton.m */; };
		8E2BD51F1423264C00D9B778 /* ROGlobalStyle.m in Sources */ = {isa = PBXBuildFile; fileRef = 8E2BD4F71423264C00D9B778 /* ROGlobalStyle.m */; };
		8E2BD5201423264C00D9B778 /* ROImageView.m in Sources */ = {isa = PBXBuildFile; fileRef = 8E2BD4F91423264C00D9B778 /* ROImageView.m */; };
		8E40FE51140E386D00676F74 /* GetFriendsInfoViewController.m in Sources */ = {isa = PBXBuildFile; fileRef = 8E40FE4F140E386D00676F74 /* GetFriendsInfoViewController.m */; };
		8E40FE52140E386D00676F74 /* GetFriendsInfoViewController.xib in Resources */ = {isa = PBXBuildFile; fileRef = 8E40FE50140E386D00676F74 /* GetFriendsInfoViewController.xib */; };
		8E7BC97A140508D9008979BB /* OtherUsersInfoViewController.m in Sources */ = {isa = PBXBuildFile; fileRef = 8E7BC978140508D9008979BB /* OtherUsersInfoViewController.m */; };
		8E7BC97B140508D9008979BB /* OtherUsersInfoViewController.xib in Resources */ = {isa = PBXBuildFile; fileRef = 8E7BC979140508D9008979BB /* OtherUsersInfoViewController.xib */; };
		8EAB6E1D1405EC2300BA503A /* AlbumInfoViewController.m in Sources */ = {isa = PBXBuildFile; fileRef = 8EAB6E1B1405EC2300BA503A /* AlbumInfoViewController.m */; };
		8EAB6E1E1405EC2300BA503A /* AlbumInfoViewController.xib in Resources */ = {isa = PBXBuildFile; fileRef = 8EAB6E1C1405EC2300BA503A /* AlbumInfoViewController.xib */; };
		8EAB6F7414062D7B00BA503A /* CreateAlbumViewController.m in Sources */ = {isa = PBXBuildFile; fileRef = 8EAB6F7214062D7B00BA503A /* CreateAlbumViewController.m */; };
		8EAB6F7514062D7B00BA503A /* CreateAlbumViewController.xib in Resources */ = {isa = PBXBuildFile; fileRef = 8EAB6F7314062D7B00BA503A /* CreateAlbumViewController.xib */; };
		8EAB703314064FFB00BA503A /* GetFriendsViewController.m in Sources */ = {isa = PBXBuildFile; fileRef = 8EAB703114064FFB00BA503A /* GetFriendsViewController.m */; };
		8EAB703414064FFB00BA503A /* GetFriendsViewController.xib in Resources */ = {isa = PBXBuildFile; fileRef = 8EAB703214064FFB00BA503A /* GetFriendsViewController.xib */; };
		8EAB707D14065BF600BA503A /* RequestBaseViewController.m in Sources */ = {isa = PBXBuildFile; fileRef = 8EAB707C14065BF600BA503A /* RequestBaseViewController.m */; };
		8EBFBA5B1404CBA100D02E8D /* CurrentUserInfoViewController.m in Sources */ = {isa = PBXBuildFile; fileRef = 8EBFBA591404CBA100D02E8D /* CurrentUserInfoViewController.m */; };
		8EBFBA5C1404CBA100D02E8D /* CurrentUserInfoViewController.xib in Resources */ = {isa = PBXBuildFile; fileRef = 8EBFBA5A1404CBA100D02E8D /* CurrentUserInfoViewController.xib */; };
		8EF31C3214034528004F7AC8 /* PasswordFlowLoginViewController.m in Sources */ = {isa = PBXBuildFile; fileRef = 8EF31C3014034528004F7AC8 /* PasswordFlowLoginViewController.m */; };
		8EF31C3314034528004F7AC8 /* PasswordFlowLoginViewController.xib in Resources */ = {isa = PBXBuildFile; fileRef = 8EF31C3114034528004F7AC8 /* PasswordFlowLoginViewController.xib */; };
		9610E435140665CF00FADDB7 /* StatusPostViewController.m in Sources */ = {isa = PBXBuildFile; fileRef = 9610E432140665CF00FADDB7 /* StatusPostViewController.m */; };
		9610E436140665CF00FADDB7 /* StatusPostViewController.xib in Resources */ = {isa = PBXBuildFile; fileRef = 9610E434140665CF00FADDB7 /* StatusPostViewController.xib */; };
		962A751E1407934800D7F4C9 /* PhotoUploadViewController.m in Sources */ = {isa = PBXBuildFile; fileRef = 962A751C1407934800D7F4C9 /* PhotoUploadViewController.m */; };
		962A751F1407934800D7F4C9 /* PhotoUploadViewController.xib in Resources */ = {isa = PBXBuildFile; fileRef = 962A751D1407934800D7F4C9 /* PhotoUploadViewController.xib */; };
		962A752C1407BC9900D7F4C9 /* MainWindow-iPad.xib in Resources */ = {isa = PBXBuildFile; fileRef = 962A752A1407BC9900D7F4C9 /* MainWindow-iPad.xib */; };
		BD1299051403BAF500782D28 /* RORequest+InitWithDelegate.m in Sources */ = {isa = PBXBuildFile; fileRef = BD1299041403BAF400782D28 /* RORequest+InitWithDelegate.m */; };
		BD354DCD14037F3500FAD694 /* CheckLogViewController.m in Sources */ = {isa = PBXBuildFile; fileRef = BD354DCB14037F3500FAD694 /* CheckLogViewController.m */; };
		BD354DCE14037F3500FAD694 /* CheckLogViewController.xib in Resources */ = {isa = PBXBuildFile; fileRef = BD354DCC14037F3500FAD694 /* CheckLogViewController.xib */; };
		BDB7A9561401E9E700B7A9ED /* LoginViewController.m in Sources */ = {isa = PBXBuildFile; fileRef = BDB7A9551401E9E700B7A9ED /* LoginViewController.m */; };
		BDB7A95D1401EB3000B7A9ED /* ServiceTableViewController.m in Sources */ = {isa = PBXBuildFile; fileRef = BDB7A95B1401EB3000B7A9ED /* ServiceTableViewController.m */; };
		BDB7A95E1401EB3000B7A9ED /* ServiceTableViewController.xib in Resources */ = {isa = PBXBuildFile; fileRef = BDB7A95C1401EB3000B7A9ED /* ServiceTableViewController.xib */; };
		BDCC8B4A1403842800282BC7 /* LogManager.m in Sources */ = {isa = PBXBuildFile; fileRef = BDCC8B481403842800282BC7 /* LogManager.m */; };
		BDD0827413FE35DA00024EE6 /* UIKit.framework in Frameworks */ = {isa = PBXBuildFile; fileRef = BDD0827313FE35DA00024EE6 /* UIKit.framework */; };
		BDD0827613FE35DA00024EE6 /* Foundation.framework in Frameworks */ = {isa = PBXBuildFile; fileRef = BDD0827513FE35DA00024EE6 /* Foundation.framework */; };
		BDD0827813FE35DA00024EE6 /* CoreGraphics.framework in Frameworks */ = {isa = PBXBuildFile; fileRef = BDD0827713FE35DA00024EE6 /* CoreGraphics.framework */; };
		BDD0827E13FE35DA00024EE6 /* InfoPlist.strings in Resources */ = {isa = PBXBuildFile; fileRef = BDD0827C13FE35DA00024EE6 /* InfoPlist.strings */; };
		BDD0828113FE35DA00024EE6 /* main.m in Sources */ = {isa = PBXBuildFile; fileRef = BDD0828013FE35DA00024EE6 /* main.m */; };
		BDD0828413FE35DA00024EE6 /* RenrenSDKDemoAppDelegate.m in Sources */ = {isa = PBXBuildFile; fileRef = BDD0828313FE35DA00024EE6 /* RenrenSDKDemoAppDelegate.m */; };
		BDD0828713FE35DA00024EE6 /* MainWindow.xib in Resources */ = {isa = PBXBuildFile; fileRef = BDD0828513FE35DA00024EE6 /* MainWindow.xib */; };
		BDE45A8613FE6ECA004BBAE4 /* renren_logo.png in Resources */ = {isa = PBXBuildFile; fileRef = BDE45A8513FE6ECA004BBAE4 /* renren_logo.png */; };
/* End PBXBuildFile section */

/* Begin PBXFileReference section */
		44B1142C14022E4A00426D45 /* QuartzCore.framework */ = {isa = PBXFileReference; lastKnownFileType = wrapper.framework; name = QuartzCore.framework; path = System/Library/Frameworks/QuartzCore.framework; sourceTree = SDKROOT; };
		8E2BD49B1423263F00D9B778 /* JSON.h */ = {isa = PBXFileReference; fileEncoding = 4; lastKnownFileType = sourcecode.c.h; path = JSON.h; sourceTree = "<group>"; };
		8E2BD49C1423263F00D9B778 /* NSObject+SBJSON.h */ = {isa = PBXFileReference; fileEncoding = 4; lastKnownFileType = sourcecode.c.h; path = "NSObject+SBJSON.h"; sourceTree = "<group>"; };
		8E2BD49D1423263F00D9B778 /* NSObject+SBJSON.m */ = {isa = PBXFileReference; fileEncoding = 4; lastKnownFileType = sourcecode.c.objc; path = "NSObject+SBJSON.m"; sourceTree = "<group>"; };
		8E2BD49E1423263F00D9B778 /* NSString+SBJSON.h */ = {isa = PBXFileReference; fileEncoding = 4; lastKnownFileType = sourcecode.c.h; path = "NSString+SBJSON.h"; sourceTree = "<group>"; };
		8E2BD49F1423263F00D9B778 /* NSString+SBJSON.m */ = {isa = PBXFileReference; fileEncoding = 4; lastKnownFileType = sourcecode.c.objc; path = "NSString+SBJSON.m"; sourceTree = "<group>"; };
		8E2BD4A01423263F00D9B778 /* SBJSON.h */ = {isa = PBXFileReference; fileEncoding = 4; lastKnownFileType = sourcecode.c.h; path = SBJSON.h; sourceTree = "<group>"; };
		8E2BD4A11423263F00D9B778 /* SBJSON.m */ = {isa = PBXFileReference; fileEncoding = 4; lastKnownFileType = sourcecode.c.objc; path = SBJSON.m; sourceTree = "<group>"; };
		8E2BD4A21423263F00D9B778 /* SBJsonBase.h */ = {isa = PBXFileReference; fileEncoding = 4; lastKnownFileType = sourcecode.c.h; path = SBJsonBase.h; sourceTree = "<group>"; };
		8E2BD4A31423263F00D9B778 /* SBJsonBase.m */ = {isa = PBXFileReference; fileEncoding = 4; lastKnownFileType = sourcecode.c.objc; path = SBJsonBase.m; sourceTree = "<group>"; };
		8E2BD4A41423263F00D9B778 /* SBJsonParser.h */ = {isa = PBXFileReference; fileEncoding = 4; lastKnownFileType = sourcecode.c.h; path = SBJsonParser.h; sourceTree = "<group>"; };
		8E2BD4A51423263F00D9B778 /* SBJsonParser.m */ = {isa = PBXFileReference; fileEncoding = 4; lastKnownFileType = sourcecode.c.objc; path = SBJsonParser.m; sourceTree = "<group>"; };
		8E2BD4A61423263F00D9B778 /* SBJsonWriter.h */ = {isa = PBXFileReference; fileEncoding = 4; lastKnownFileType = sourcecode.c.h; path = SBJsonWriter.h; sourceTree = "<group>"; };
		8E2BD4A71423263F00D9B778 /* SBJsonWriter.m */ = {isa = PBXFileReference; fileEncoding = 4; lastKnownFileType = sourcecode.c.objc; path = SBJsonWriter.m; sourceTree = "<group>"; };
		8E2BD4B01423264C00D9B778 /* ROError.h */ = {isa = PBXFileReference; fileEncoding = 4; lastKnownFileType = sourcecode.c.h; path = ROError.h; sourceTree = "<group>"; };
		8E2BD4B11423264C00D9B778 /* ROError.m */ = {isa = PBXFileReference; fileEncoding = 4; lastKnownFileType = sourcecode.c.objc; path = ROError.m; sourceTree = "<group>"; };
		8E2BD4B31423264C00D9B778 /* bottom-bar.png */ = {isa = PBXFileReference; lastKnownFileType = image.png; path = "bottom-bar.png"; sourceTree = "<group>"; };
		8E2BD4B41423264C00D9B778 /* bottom-bar@2x.png */ = {isa = PBXFileReference; lastKnownFileType = image.png; path = "bottom-bar@2x.png"; sourceTree = "<group>"; };
		8E2BD4B51423264C00D9B778 /* head-frame.png */ = {isa = PBXFileReference; lastKnownFileType = image.png; path = "head-frame.png"; sourceTree = "<group>"; };
		8E2BD4B61423264C00D9B778 /* head-frame@2x.png */ = {isa = PBXFileReference; lastKnownFileType = image.png; path = "head-frame@2x.png"; sourceTree = "<group>"; };
		8E2BD4B71423264C00D9B778 /* input-frame.png */ = {isa = PBXFileReference; lastKnownFileType = image.png; path = "input-frame.png"; sourceTree = "<group>"; };
		8E2BD4B81423264C00D9B778 /* input-frame@2x.png */ = {isa = PBXFileReference; lastKnownFileType = image.png; path = "input-frame@2x.png"; sourceTree = "<group>"; };
		8E2BD4B91423264C00D9B778 /* photo-frame.png */ = {isa = PBXFileReference; lastKnownFileType = image.png; path = "photo-frame.png"; sourceTree = "<group>"; };
		8E2BD4BA1423264C00D9B778 /* photo-frame@2x.png */ = {isa = PBXFileReference; lastKnownFileType = image.png; path = "photo-frame@2x.png"; sourceTree = "<group>"; };
		8E2BD4BB1423264C00D9B778 /* renren-logo-top-bar.png */ = {isa = PBXFileReference; lastKnownFileType = image.png; path = "renren-logo-top-bar.png"; sourceTree = "<group>"; };
		8E2BD4BC1423264C00D9B778 /* renren-logo-top-bar@2x.png */ = {isa = PBXFileReference; lastKnownFileType = image.png; path = "renren-logo-top-bar@2x.png"; sourceTree = "<group>"; };
		8E2BD4BD1423264C00D9B778 /* small-button-normal.png */ = {isa = PBXFileReference; lastKnownFileType = image.png; path = "small-button-normal.png"; sourceTree = "<group>"; };
		8E2BD4BE1423264C00D9B778 /* small-button-normal@2x.png */ = {isa = PBXFileReference; lastKnownFileType = image.png; path = "small-button-normal@2x.png"; sourceTree = "<group>"; };
		8E2BD4BF1423264C00D9B778 /* Renren.h */ = {isa = PBXFileReference; fileEncoding = 4; lastKnownFileType = sourcecode.c.h; lineEnding = 0; path = Renren.h; sourceTree = "<group>"; xcLanguageSpecificationIdentifier = xcode.lang.objcpp; };
		8E2BD4C01423264C00D9B778 /* Renren.m */ = {isa = PBXFileReference; fileEncoding = 4; lastKnownFileType = sourcecode.c.objc; lineEnding = 0; path = Renren.m; sourceTree = "<group>"; xcLanguageSpecificationIdentifier = xcode.lang.objc; };
		8E2BD4C21423264C00D9B778 /* ROAlbumsInfoRequestParam.h */ = {isa = PBXFileReference; fileEncoding = 4; lastKnownFileType = sourcecode.c.h; path = ROAlbumsInfoRequestParam.h; sourceTree = "<group>"; };
		8E2BD4C31423264C00D9B778 /* ROAlbumsInfoRequestParam.m */ = {isa = PBXFileReference; fileEncoding = 4; lastKnownFileType = sourcecode.c.objc; path = ROAlbumsInfoRequestParam.m; sourceTree = "<group>"; };
		8E2BD4C41423264C00D9B778 /* ROCreateAlbumRequestParam.h */ = {isa = PBXFileReference; fileEncoding = 4; lastKnownFileType = sourcecode.c.h; path = ROCreateAlbumRequestParam.h; sourceTree = "<group>"; };
		8E2BD4C51423264C00D9B778 /* ROCreateAlbumRequestParam.m */ = {isa = PBXFileReference; fileEncoding = 4; lastKnownFileType = sourcecode.c.objc; path = ROCreateAlbumRequestParam.m; sourceTree = "<group>"; };
		8E2BD4C61423264C00D9B778 /* ROGetFriendsInfoRequestParam.h */ = {isa = PBXFileReference; fileEncoding = 4; lastKnownFileType = sourcecode.c.h; path = ROGetFriendsInfoRequestParam.h; sourceTree = "<group>"; };
		8E2BD4C71423264C00D9B778 /* ROGetFriendsInfoRequestParam.m */ = {isa = PBXFileReference; fileEncoding = 4; lastKnownFileType = sourcecode.c.objc; path = ROGetFriendsInfoRequestParam.m; sourceTree = "<group>"; };
		8E2BD4C81423264C00D9B778 /* ROGetFriendsRequestParam.h */ = {isa = PBXFileReference; fileEncoding = 4; lastKnownFileType = sourcecode.c.h; path = ROGetFriendsRequestParam.h; sourceTree = "<group>"; };
		8E2BD4C91423264C00D9B778 /* ROGetFriendsRequestParam.m */ = {isa = PBXFileReference; fileEncoding = 4; lastKnownFileType = sourcecode.c.objc; path = ROGetFriendsRequestParam.m; sourceTree = "<group>"; };
		8E2BD4CA1423264C00D9B778 /* ROPasswordFlowRequestParam.h */ = {isa = PBXFileReference; fileEncoding = 4; lastKnownFileType = sourcecode.c.h; path = ROPasswordFlowRequestParam.h; sourceTree = "<group>"; };
		8E2BD4CB1423264C00D9B778 /* ROPasswordFlowRequestParam.m */ = {isa = PBXFileReference; fileEncoding = 4; lastKnownFileType = sourcecode.c.objc; path = ROPasswordFlowRequestParam.m; sourceTree = "<group>"; };
		8E2BD4CC1423264C00D9B778 /* ROPublishPhotoRequestParam.h */ = {isa = PBXFileReference; fileEncoding = 4; lastKnownFileType = sourcecode.c.h; path = ROPublishPhotoRequestParam.h; sourceTree = "<group>"; };
		8E2BD4CD1423264C00D9B778 /* ROPublishPhotoRequestParam.m */ = {isa = PBXFileReference; fileEncoding = 4; lastKnownFileType = sourcecode.c.objc; path = ROPublishPhotoRequestParam.m; sourceTree = "<group>"; };
		8E2BD4CE1423264C00D9B778 /* RORequestParam.h */ = {isa = PBXFileReference; fileEncoding = 4; lastKnownFileType = sourcecode.c.h; path = RORequestParam.h; sourceTree = "<group>"; };
		8E2BD4CF1423264C00D9B778 /* RORequestParam.m */ = {isa = PBXFileReference; fileEncoding = 4; lastKnownFileType = sourcecode.c.objc; path = RORequestParam.m; sourceTree = "<group>"; };
		8E2BD4D01423264C00D9B778 /* ROUserInfoRequestParam.h */ = {isa = PBXFileReference; fileEncoding = 4; lastKnownFileType = sourcecode.c.h; path = ROUserInfoRequestParam.h; sourceTree = "<group>"; };
		8E2BD4D11423264C00D9B778 /* ROUserInfoRequestParam.m */ = {isa = PBXFileReference; fileEncoding = 4; lastKnownFileType = sourcecode.c.objc; path = ROUserInfoRequestParam.m; sourceTree = "<group>"; };
		8E2BD4D31423264C00D9B778 /* ROAlbumResponseltem.h */ = {isa = PBXFileReference; fileEncoding = 4; lastKnownFileType = sourcecode.c.h; path = ROAlbumResponseltem.h; sourceTree = "<group>"; };
		8E2BD4D41423264C00D9B778 /* ROAlbumResponseltem.m */ = {isa = PBXFileReference; fileEncoding = 4; lastKnownFileType = sourcecode.c.objc; path = ROAlbumResponseltem.m; sourceTree = "<group>"; };
		8E2BD4D51423264C00D9B778 /* ROCreateAlbumResponseItem.h */ = {isa = PBXFileReference; fileEncoding = 4; lastKnownFileType = sourcecode.c.h; path = ROCreateAlbumResponseItem.h; sourceTree = "<group>"; };
		8E2BD4D61423264C00D9B778 /* ROCreateAlbumResponseItem.m */ = {isa = PBXFileReference; fileEncoding = 4; lastKnownFileType = sourcecode.c.objc; path = ROCreateAlbumResponseItem.m; sourceTree = "<group>"; };
		8E2BD4D71423264C00D9B778 /* ROFriendResponseItem.h */ = {isa = PBXFileReference; fileEncoding = 4; lastKnownFileType = sourcecode.c.h; path = ROFriendResponseItem.h; sourceTree = "<group>"; };
		8E2BD4D81423264C00D9B778 /* ROFriendResponseItem.m */ = {isa = PBXFileReference; fileEncoding = 4; lastKnownFileType = sourcecode.c.objc; path = ROFriendResponseItem.m; sourceTree = "<group>"; };
		8E2BD4D91423264C00D9B778 /* ROPublishPhotoResponseItem.h */ = {isa = PBXFileReference; fileEncoding = 4; lastKnownFileType = sourcecode.c.h; path = ROPublishPhotoResponseItem.h; sourceTree = "<group>"; };
		8E2BD4DA1423264C00D9B778 /* ROPublishPhotoResponseItem.m */ = {isa = PBXFileReference; fileEncoding = 4; lastKnownFileType = sourcecode.c.objc; path = ROPublishPhotoResponseItem.m; sourceTree = "<group>"; };
		8E2BD4DB1423264C00D9B778 /* ROResponseItem.h */ = {isa = PBXFileReference; fileEncoding = 4; lastKnownFileType = sourcecode.c.h; path = ROResponseItem.h; sourceTree = "<group>"; };
		8E2BD4DC1423264C00D9B778 /* ROResponseItem.m */ = {isa = PBXFileReference; fileEncoding = 4; lastKnownFileType = sourcecode.c.objc; path = ROResponseItem.m; sourceTree = "<group>"; };
		8E2BD4DD1423264C00D9B778 /* ROUserResponseItem.h */ = {isa = PBXFileReference; fileEncoding = 4; lastKnownFileType = sourcecode.c.h; path = ROUserResponseItem.h; sourceTree = "<group>"; };
		8E2BD4DE1423264C00D9B778 /* ROUserResponseItem.m */ = {isa = PBXFileReference; fileEncoding = 4; lastKnownFileType = sourcecode.c.objc; path = ROUserResponseItem.m; sourceTree = "<group>"; };
		8E2BD4DF1423264C00D9B778 /* ROConnect.h */ = {isa = PBXFileReference; fileEncoding = 4; lastKnownFileType = sourcecode.c.h; path = ROConnect.h; sourceTree = "<group>"; };
		8E2BD4E01423264C00D9B778 /* RODialog.h */ = {isa = PBXFileReference; fileEncoding = 4; lastKnownFileType = sourcecode.c.h; path = RODialog.h; sourceTree = "<group>"; };
		8E2BD4E11423264C00D9B778 /* RODialog.m */ = {isa = PBXFileReference; fileEncoding = 4; lastKnownFileType = sourcecode.c.objc; path = RODialog.m; sourceTree = "<group>"; };
		8E2BD4E21423264C00D9B778 /* RORequest.h */ = {isa = PBXFileReference; fileEncoding = 4; lastKnownFileType = sourcecode.c.h; path = RORequest.h; sourceTree = "<group>"; };
		8E2BD4E31423264C00D9B778 /* RORequest.m */ = {isa = PBXFileReference; fileEncoding = 4; lastKnownFileType = sourcecode.c.objc; path = RORequest.m; sourceTree = "<group>"; };
		8E2BD4E41423264C00D9B778 /* ROResponse.h */ = {isa = PBXFileReference; fileEncoding = 4; lastKnownFileType = sourcecode.c.h; path = ROResponse.h; sourceTree = "<group>"; };
		8E2BD4E51423264C00D9B778 /* ROResponse.m */ = {isa = PBXFileReference; fileEncoding = 4; lastKnownFileType = sourcecode.c.objc; path = ROResponse.m; sourceTree = "<group>"; };
		8E2BD4E71423264C00D9B778 /* RODialogModel.h */ = {isa = PBXFileReference; fileEncoding = 4; lastKnownFileType = sourcecode.c.h; path = RODialogModel.h; sourceTree = "<group>"; };
		8E2BD4E81423264C00D9B778 /* RODialogModel.m */ = {isa = PBXFileReference; fileEncoding = 4; lastKnownFileType = sourcecode.c.objc; path = RODialogModel.m; sourceTree = "<group>"; };
		8E2BD4E91423264C00D9B778 /* RODialogView.h */ = {isa = PBXFileReference; fileEncoding = 4; lastKnownFileType = sourcecode.c.h; path = RODialogView.h; sourceTree = "<group>"; };
		8E2BD4EA1423264C00D9B778 /* RODialogView.m */ = {isa = PBXFileReference; fileEncoding = 4; lastKnownFileType = sourcecode.c.objc; path = RODialogView.m; sourceTree = "<group>"; };
		8E2BD4EC1423264C00D9B778 /* ROPublishPhotoDialogModel.h */ = {isa = PBXFileReference; fileEncoding = 4; lastKnownFileType = sourcecode.c.h; path = ROPublishPhotoDialogModel.h; sourceTree = "<group>"; };
		8E2BD4ED1423264C00D9B778 /* ROPublishPhotoDialogModel.m */ = {isa = PBXFileReference; fileEncoding = 4; lastKnownFileType = sourcecode.c.objc; path = ROPublishPhotoDialogModel.m; sourceTree = "<group>"; };
		8E2BD4EE1423264C00D9B778 /* ROPublishPhotoInternal.h */ = {isa = PBXFileReference; fileEncoding = 4; lastKnownFileType = sourcecode.c.h; path = ROPublishPhotoInternal.h; sourceTree = "<group>"; };
		8E2BD4EF1423264C00D9B778 /* ROPublishPhotoInternal.m */ = {isa = PBXFileReference; fileEncoding = 4; lastKnownFileType = sourcecode.c.objc; path = ROPublishPhotoInternal.m; sourceTree = "<group>"; };
		8E2BD4F11423264C00D9B778 /* ROUtility.h */ = {isa = PBXFileReference; fileEncoding = 4; lastKnownFileType = sourcecode.c.h; path = ROUtility.h; sourceTree = "<group>"; };
		8E2BD4F21423264C00D9B778 /* ROUtility.m */ = {isa = PBXFileReference; fileEncoding = 4; lastKnownFileType = sourcecode.c.objc; path = ROUtility.m; sourceTree = "<group>"; };
		8E2BD4F41423264C00D9B778 /* ROCloseButton.h */ = {isa = PBXFileReference; fileEncoding = 4; lastKnownFileType = sourcecode.c.h; path = ROCloseButton.h; sourceTree = "<group>"; };
		8E2BD4F51423264C00D9B778 /* ROCloseButton.m */ = {isa = PBXFileReference; fileEncoding = 4; lastKnownFileType = sourcecode.c.objc; path = ROCloseButton.m; sourceTree = "<group>"; };
		8E2BD4F61423264C00D9B778 /* ROGlobalStyle.h */ = {isa = PBXFileReference; fileEncoding = 4; lastKnownFileType = sourcecode.c.h; path = ROGlobalStyle.h; sourceTree = "<group>"; };
		8E2BD4F71423264C00D9B778 /* ROGlobalStyle.m */ = {isa = PBXFileReference; fileEncoding = 4; lastKnownFileType = sourcecode.c.objc; path = ROGlobalStyle.m; sourceTree = "<group>"; };
		8E2BD4F81423264C00D9B778 /* ROImageView.h */ = {isa = PBXFileReference; fileEncoding = 4; lastKnownFileType = sourcecode.c.h; path = ROImageView.h; sourceTree = "<group>"; };
		8E2BD4F91423264C00D9B778 /* ROImageView.m */ = {isa = PBXFileReference; fileEncoding = 4; lastKnownFileType = sourcecode.c.objc; path = ROImageView.m; sourceTree = "<group>"; };
		8E40FE4E140E386D00676F74 /* GetFriendsInfoViewController.h */ = {isa = PBXFileReference; fileEncoding = 4; lastKnownFileType = sourcecode.c.h; path = GetFriendsInfoViewController.h; sourceTree = "<group>"; };
		8E40FE4F140E386D00676F74 /* GetFriendsInfoViewController.m */ = {isa = PBXFileReference; fileEncoding = 4; lastKnownFileType = sourcecode.c.objc; path = GetFriendsInfoViewController.m; sourceTree = "<group>"; };
		8E40FE50140E386D00676F74 /* GetFriendsInfoViewController.xib */ = {isa = PBXFileReference; fileEncoding = 4; lastKnownFileType = file.xib; path = GetFriendsInfoViewController.xib; sourceTree = "<group>"; };
		8E7BC977140508D9008979BB /* OtherUsersInfoViewController.h */ = {isa = PBXFileReference; fileEncoding = 4; lastKnownFileType = sourcecode.c.h; path = OtherUsersInfoViewController.h; sourceTree = "<group>"; };
		8E7BC978140508D9008979BB /* OtherUsersInfoViewController.m */ = {isa = PBXFileReference; fileEncoding = 4; lastKnownFileType = sourcecode.c.objc; path = OtherUsersInfoViewController.m; sourceTree = "<group>"; };
		8E7BC979140508D9008979BB /* OtherUsersInfoViewController.xib */ = {isa = PBXFileReference; lastKnownFileType = file.xib; path = OtherUsersInfoViewController.xib; sourceTree = "<group>"; };
		8EAB6E1A1405EC2300BA503A /* AlbumInfoViewController.h */ = {isa = PBXFileReference; fileEncoding = 4; lastKnownFileType = sourcecode.c.h; path = AlbumInfoViewController.h; sourceTree = "<group>"; };
		8EAB6E1B1405EC2300BA503A /* AlbumInfoViewController.m */ = {isa = PBXFileReference; fileEncoding = 4; lastKnownFileType = sourcecode.c.objc; path = AlbumInfoViewController.m; sourceTree = "<group>"; };
		8EAB6E1C1405EC2300BA503A /* AlbumInfoViewController.xib */ = {isa = PBXFileReference; lastKnownFileType = file.xib; path = AlbumInfoViewController.xib; sourceTree = "<group>"; };
		8EAB6F7114062D7B00BA503A /* CreateAlbumViewController.h */ = {isa = PBXFileReference; fileEncoding = 4; lastKnownFileType = sourcecode.c.h; path = CreateAlbumViewController.h; sourceTree = "<group>"; };
		8EAB6F7214062D7B00BA503A /* CreateAlbumViewController.m */ = {isa = PBXFileReference; fileEncoding = 4; lastKnownFileType = sourcecode.c.objc; path = CreateAlbumViewController.m; sourceTree = "<group>"; };
		8EAB6F7314062D7B00BA503A /* CreateAlbumViewController.xib */ = {isa = PBXFileReference; lastKnownFileType = file.xib; path = CreateAlbumViewController.xib; sourceTree = "<group>"; };
		8EAB703014064FFB00BA503A /* GetFriendsViewController.h */ = {isa = PBXFileReference; fileEncoding = 4; lastKnownFileType = sourcecode.c.h; path = GetFriendsViewController.h; sourceTree = "<group>"; };
		8EAB703114064FFB00BA503A /* GetFriendsViewController.m */ = {isa = PBXFileReference; fileEncoding = 4; lastKnownFileType = sourcecode.c.objc; path = GetFriendsViewController.m; sourceTree = "<group>"; };
		8EAB703214064FFB00BA503A /* GetFriendsViewController.xib */ = {isa = PBXFileReference; lastKnownFileType = file.xib; path = GetFriendsViewController.xib; sourceTree = "<group>"; };
		8EAB707B14065BF600BA503A /* RequestBaseViewController.h */ = {isa = PBXFileReference; fileEncoding = 4; lastKnownFileType = sourcecode.c.h; path = RequestBaseViewController.h; sourceTree = "<group>"; };
		8EAB707C14065BF600BA503A /* RequestBaseViewController.m */ = {isa = PBXFileReference; fileEncoding = 4; lastKnownFileType = sourcecode.c.objc; path = RequestBaseViewController.m; sourceTree = "<group>"; };
		8EBFBA581404CBA100D02E8D /* CurrentUserInfoViewController.h */ = {isa = PBXFileReference; fileEncoding = 4; lastKnownFileType = sourcecode.c.h; path = CurrentUserInfoViewController.h; sourceTree = "<group>"; };
		8EBFBA591404CBA100D02E8D /* CurrentUserInfoViewController.m */ = {isa = PBXFileReference; fileEncoding = 4; lastKnownFileType = sourcecode.c.objc; path = CurrentUserInfoViewController.m; sourceTree = "<group>"; };
		8EBFBA5A1404CBA100D02E8D /* CurrentUserInfoViewController.xib */ = {isa = PBXFileReference; lastKnownFileType = file.xib; path = CurrentUserInfoViewController.xib; sourceTree = "<group>"; };
		8EF31C2F14034528004F7AC8 /* PasswordFlowLoginViewController.h */ = {isa = PBXFileReference; fileEncoding = 4; lastKnownFileType = sourcecode.c.h; path = PasswordFlowLoginViewController.h; sourceTree = "<group>"; };
		8EF31C3014034528004F7AC8 /* PasswordFlowLoginViewController.m */ = {isa = PBXFileReference; fileEncoding = 4; lastKnownFileType = sourcecode.c.objc; path = PasswordFlowLoginViewController.m; sourceTree = "<group>"; };
		8EF31C3114034528004F7AC8 /* PasswordFlowLoginViewController.xib */ = {isa = PBXFileReference; lastKnownFileType = file.xib; path = PasswordFlowLoginViewController.xib; sourceTree = "<group>"; };
		9610E432140665CF00FADDB7 /* StatusPostViewController.m */ = {isa = PBXFileReference; fileEncoding = 4; lastKnownFileType = sourcecode.c.objc; path = StatusPostViewController.m; sourceTree = "<group>"; };
		9610E433140665CF00FADDB7 /* StatusPostViewController.h */ = {isa = PBXFileReference; fileEncoding = 4; lastKnownFileType = sourcecode.c.h; path = StatusPostViewController.h; sourceTree = "<group>"; };
		9610E434140665CF00FADDB7 /* StatusPostViewController.xib */ = {isa = PBXFileReference; fileEncoding = 4; lastKnownFileType = file.xib; path = StatusPostViewController.xib; sourceTree = "<group>"; };
		962A751B1407934800D7F4C9 /* PhotoUploadViewController.h */ = {isa = PBXFileReference; fileEncoding = 4; lastKnownFileType = sourcecode.c.h; path = PhotoUploadViewController.h; sourceTree = "<group>"; };
		962A751C1407934800D7F4C9 /* PhotoUploadViewController.m */ = {isa = PBXFileReference; fileEncoding = 4; lastKnownFileType = sourcecode.c.objc; path = PhotoUploadViewController.m; sourceTree = "<group>"; };
		962A751D1407934800D7F4C9 /* PhotoUploadViewController.xib */ = {isa = PBXFileReference; fileEncoding = 4; lastKnownFileType = file.xib; path = PhotoUploadViewController.xib; sourceTree = "<group>"; };
		962A752B1407BC9900D7F4C9 /* en */ = {isa = PBXFileReference; lastKnownFileType = file.xib; name = en; path = "iPad/en.lproj/MainWindow-iPad.xib"; sourceTree = "<group>"; };
		BD1299031403BAF400782D28 /* RORequest+InitWithDelegate.h */ = {isa = PBXFileReference; fileEncoding = 4; lastKnownFileType = sourcecode.c.h; path = "RORequest+InitWithDelegate.h"; sourceTree = "<group>"; };
		BD1299041403BAF400782D28 /* RORequest+InitWithDelegate.m */ = {isa = PBXFileReference; fileEncoding = 4; lastKnownFileType = sourcecode.c.objc; path = "RORequest+InitWithDelegate.m"; sourceTree = "<group>"; };
		BD354DCA14037F3500FAD694 /* CheckLogViewController.h */ = {isa = PBXFileReference; fileEncoding = 4; lastKnownFileType = sourcecode.c.h; path = CheckLogViewController.h; sourceTree = "<group>"; };
		BD354DCB14037F3500FAD694 /* CheckLogViewController.m */ = {isa = PBXFileReference; fileEncoding = 4; lastKnownFileType = sourcecode.c.objc; path = CheckLogViewController.m; sourceTree = "<group>"; };
		BD354DCC14037F3500FAD694 /* CheckLogViewController.xib */ = {isa = PBXFileReference; fileEncoding = 4; lastKnownFileType = file.xib; path = CheckLogViewController.xib; sourceTree = "<group>"; };
		BDB7A9541401E9E700B7A9ED /* LoginViewController.h */ = {isa = PBXFileReference; fileEncoding = 4; lastKnownFileType = sourcecode.c.h; path = LoginViewController.h; sourceTree = "<group>"; };
		BDB7A9551401E9E700B7A9ED /* LoginViewController.m */ = {isa = PBXFileReference; fileEncoding = 4; lastKnownFileType = sourcecode.c.objc; path = LoginViewController.m; sourceTree = "<group>"; };
		BDB7A95A1401EB3000B7A9ED /* ServiceTableViewController.h */ = {isa = PBXFileReference; fileEncoding = 4; lastKnownFileType = sourcecode.c.h; path = ServiceTableViewController.h; sourceTree = "<group>"; };
		BDB7A95B1401EB3000B7A9ED /* ServiceTableViewController.m */ = {isa = PBXFileReference; fileEncoding = 4; lastKnownFileType = sourcecode.c.objc; path = ServiceTableViewController.m; sourceTree = "<group>"; };
		BDB7A95C1401EB3000B7A9ED /* ServiceTableViewController.xib */ = {isa = PBXFileReference; fileEncoding = 4; lastKnownFileType = file.xib; path = ServiceTableViewController.xib; sourceTree = "<group>"; };
		BDCC8B481403842800282BC7 /* LogManager.m */ = {isa = PBXFileReference; fileEncoding = 4; lastKnownFileType = sourcecode.c.objc; path = LogManager.m; sourceTree = "<group>"; };
		BDCC8B491403842800282BC7 /* LogManager.h */ = {isa = PBXFileReference; fileEncoding = 4; lastKnownFileType = sourcecode.c.h; path = LogManager.h; sourceTree = "<group>"; };
		BDD0826F13FE35DA00024EE6 /* RenrenSDKDemo.app */ = {isa = PBXFileReference; explicitFileType = wrapper.application; includeInIndex = 0; path = RenrenSDKDemo.app; sourceTree = BUILT_PRODUCTS_DIR; };
		BDD0827313FE35DA00024EE6 /* UIKit.framework */ = {isa = PBXFileReference; lastKnownFileType = wrapper.framework; name = UIKit.framework; path = System/Library/Frameworks/UIKit.framework; sourceTree = SDKROOT; };
		BDD0827513FE35DA00024EE6 /* Foundation.framework */ = {isa = PBXFileReference; lastKnownFileType = wrapper.framework; name = Foundation.framework; path = System/Library/Frameworks/Foundation.framework; sourceTree = SDKROOT; };
		BDD0827713FE35DA00024EE6 /* CoreGraphics.framework */ = {isa = PBXFileReference; lastKnownFileType = wrapper.framework; name = CoreGraphics.framework; path = System/Library/Frameworks/CoreGraphics.framework; sourceTree = SDKROOT; };
		BDD0827B13FE35DA00024EE6 /* RenrenSDKDemo-Info.plist */ = {isa = PBXFileReference; lastKnownFileType = text.plist.xml; path = "RenrenSDKDemo-Info.plist"; sourceTree = "<group>"; };
		BDD0827D13FE35DA00024EE6 /* en */ = {isa = PBXFileReference; lastKnownFileType = text.plist.strings; name = en; path = en.lproj/InfoPlist.strings; sourceTree = "<group>"; };
		BDD0827F13FE35DA00024EE6 /* RenrenSDKDemo-Prefix.pch */ = {isa = PBXFileReference; lastKnownFileType = sourcecode.c.h; path = "RenrenSDKDemo-Prefix.pch"; sourceTree = "<group>"; };
		BDD0828013FE35DA00024EE6 /* main.m */ = {isa = PBXFileReference; lastKnownFileType = sourcecode.c.objc; path = main.m; sourceTree = "<group>"; };
		BDD0828213FE35DA00024EE6 /* RenrenSDKDemoAppDelegate.h */ = {isa = PBXFileReference; lastKnownFileType = sourcecode.c.h; path = RenrenSDKDemoAppDelegate.h; sourceTree = "<group>"; };
		BDD0828313FE35DA00024EE6 /* RenrenSDKDemoAppDelegate.m */ = {isa = PBXFileReference; lastKnownFileType = sourcecode.c.objc; path = RenrenSDKDemoAppDelegate.m; sourceTree = "<group>"; };
		BDD0828613FE35DA00024EE6 /* en */ = {isa = PBXFileReference; lastKnownFileType = file.xib; name = en; path = en.lproj/MainWindow.xib; sourceTree = "<group>"; };
		BDE45A8513FE6ECA004BBAE4 /* renren_logo.png */ = {isa = PBXFileReference; lastKnownFileType = image.png; path = renren_logo.png; sourceTree = "<group>"; };
/* End PBXFileReference section */

/* Begin PBXFrameworksBuildPhase section */
		BDD0826C13FE35DA00024EE6 /* Frameworks */ = {
			isa = PBXFrameworksBuildPhase;
			buildActionMask = 2147483647;
			files = (
				44B1142D14022E4A00426D45 /* QuartzCore.framework in Frameworks */,
				BDD0827413FE35DA00024EE6 /* UIKit.framework in Frameworks */,
				BDD0827613FE35DA00024EE6 /* Foundation.framework in Frameworks */,
				BDD0827813FE35DA00024EE6 /* CoreGraphics.framework in Frameworks */,
			);
			runOnlyForDeploymentPostprocessing = 0;
		};
/* End PBXFrameworksBuildPhase section */

/* Begin PBXGroup section */
		8E2BD49A1423263F00D9B778 /* JSON */ = {
			isa = PBXGroup;
			children = (
				8E2BD49B1423263F00D9B778 /* JSON.h */,
				8E2BD49C1423263F00D9B778 /* NSObject+SBJSON.h */,
				8E2BD49D1423263F00D9B778 /* NSObject+SBJSON.m */,
				8E2BD49E1423263F00D9B778 /* NSString+SBJSON.h */,
				8E2BD49F1423263F00D9B778 /* NSString+SBJSON.m */,
				8E2BD4A01423263F00D9B778 /* SBJSON.h */,
				8E2BD4A11423263F00D9B778 /* SBJSON.m */,
				8E2BD4A21423263F00D9B778 /* SBJsonBase.h */,
				8E2BD4A31423263F00D9B778 /* SBJsonBase.m */,
				8E2BD4A41423263F00D9B778 /* SBJsonParser.h */,
				8E2BD4A51423263F00D9B778 /* SBJsonParser.m */,
				8E2BD4A61423263F00D9B778 /* SBJsonWriter.h */,
				8E2BD4A71423263F00D9B778 /* SBJsonWriter.m */,
			);
			name = JSON;
			path = ../../JSON;
			sourceTree = "<group>";
		};
		8E2BD4AE1423264C00D9B778 /* Renren */ = {
			isa = PBXGroup;
			children = (
				8E2BD4AF1423264C00D9B778 /* Error */,
				8E2BD4B21423264C00D9B778 /* Images */,
				8E2BD4BF1423264C00D9B778 /* Renren.h */,
				8E2BD4C01423264C00D9B778 /* Renren.m */,
				8E2BD4C11423264C00D9B778 /* RequestParam */,
				8E2BD4D21423264C00D9B778 /* ResponseItem */,
				8E2BD4DF1423264C00D9B778 /* ROConnect.h */,
				8E2BD4E01423264C00D9B778 /* RODialog.h */,
				8E2BD4E11423264C00D9B778 /* RODialog.m */,
				8E2BD4E21423264C00D9B778 /* RORequest.h */,
				8E2BD4E31423264C00D9B778 /* RORequest.m */,
				8E2BD4E41423264C00D9B778 /* ROResponse.h */,
				8E2BD4E51423264C00D9B778 /* ROResponse.m */,
				8E2BD4E61423264C00D9B778 /* Sample UI */,
				8E2BD4F01423264C00D9B778 /* Tools */,
			);
			name = Renren;
			path = ../../Renren;
			sourceTree = "<group>";
		};
		8E2BD4AF1423264C00D9B778 /* Error */ = {
			isa = PBXGroup;
			children = (
				8E2BD4B01423264C00D9B778 /* ROError.h */,
				8E2BD4B11423264C00D9B778 /* ROError.m */,
			);
			path = Error;
			sourceTree = "<group>";
		};
		8E2BD4B21423264C00D9B778 /* Images */ = {
			isa = PBXGroup;
			children = (
				8E2BD4B31423264C00D9B778 /* bottom-bar.png */,
				8E2BD4B41423264C00D9B778 /* bottom-bar@2x.png */,
				8E2BD4B51423264C00D9B778 /* head-frame.png */,
				8E2BD4B61423264C00D9B778 /* head-frame@2x.png */,
				8E2BD4B71423264C00D9B778 /* input-frame.png */,
				8E2BD4B81423264C00D9B778 /* input-frame@2x.png */,
				8E2BD4B91423264C00D9B778 /* photo-frame.png */,
				8E2BD4BA1423264C00D9B778 /* photo-frame@2x.png */,
				8E2BD4BB1423264C00D9B778 /* renren-logo-top-bar.png */,
				8E2BD4BC1423264C00D9B778 /* renren-logo-top-bar@2x.png */,
				8E2BD4BD1423264C00D9B778 /* small-button-normal.png */,
				8E2BD4BE1423264C00D9B778 /* small-button-normal@2x.png */,
			);
			path = Images;
			sourceTree = "<group>";
		};
		8E2BD4C11423264C00D9B778 /* RequestParam */ = {
			isa = PBXGroup;
			children = (
				8E2BD4C21423264C00D9B778 /* ROAlbumsInfoRequestParam.h */,
				8E2BD4C31423264C00D9B778 /* ROAlbumsInfoRequestParam.m */,
				8E2BD4C41423264C00D9B778 /* ROCreateAlbumRequestParam.h */,
				8E2BD4C51423264C00D9B778 /* ROCreateAlbumRequestParam.m */,
				8E2BD4C61423264C00D9B778 /* ROGetFriendsInfoRequestParam.h */,
				8E2BD4C71423264C00D9B778 /* ROGetFriendsInfoRequestParam.m */,
				8E2BD4C81423264C00D9B778 /* ROGetFriendsRequestParam.h */,
				8E2BD4C91423264C00D9B778 /* ROGetFriendsRequestParam.m */,
				8E2BD4CA1423264C00D9B778 /* ROPasswordFlowRequestParam.h */,
				8E2BD4CB1423264C00D9B778 /* ROPasswordFlowRequestParam.m */,
				8E2BD4CC1423264C00D9B778 /* ROPublishPhotoRequestParam.h */,
				8E2BD4CD1423264C00D9B778 /* ROPublishPhotoRequestParam.m */,
				8E2BD4CE1423264C00D9B778 /* RORequestParam.h */,
				8E2BD4CF1423264C00D9B778 /* RORequestParam.m */,
				8E2BD4D01423264C00D9B778 /* ROUserInfoRequestParam.h */,
				8E2BD4D11423264C00D9B778 /* ROUserInfoRequestParam.m */,
			);
			path = RequestParam;
			sourceTree = "<group>";
		};
		8E2BD4D21423264C00D9B778 /* ResponseItem */ = {
			isa = PBXGroup;
			children = (
				8E2BD4D31423264C00D9B778 /* ROAlbumResponseltem.h */,
				8E2BD4D41423264C00D9B778 /* ROAlbumResponseltem.m */,
				8E2BD4D51423264C00D9B778 /* ROCreateAlbumResponseItem.h */,
				8E2BD4D61423264C00D9B778 /* ROCreateAlbumResponseItem.m */,
				8E2BD4D71423264C00D9B778 /* ROFriendResponseItem.h */,
				8E2BD4D81423264C00D9B778 /* ROFriendResponseItem.m */,
				8E2BD4D91423264C00D9B778 /* ROPublishPhotoResponseItem.h */,
				8E2BD4DA1423264C00D9B778 /* ROPublishPhotoResponseItem.m */,
				8E2BD4DB1423264C00D9B778 /* ROResponseItem.h */,
				8E2BD4DC1423264C00D9B778 /* ROResponseItem.m */,
				8E2BD4DD1423264C00D9B778 /* ROUserResponseItem.h */,
				8E2BD4DE1423264C00D9B778 /* ROUserResponseItem.m */,
			);
			path = ResponseItem;
			sourceTree = "<group>";
		};
		8E2BD4E61423264C00D9B778 /* Sample UI */ = {
			isa = PBXGroup;
			children = (
				8E2BD4E71423264C00D9B778 /* RODialogModel.h */,
				8E2BD4E81423264C00D9B778 /* RODialogModel.m */,
				8E2BD4E91423264C00D9B778 /* RODialogView.h */,
				8E2BD4EA1423264C00D9B778 /* RODialogView.m */,
				8E2BD4EB1423264C00D9B778 /* UploadPhotoDialog */,
			);
			path = "Sample UI";
			sourceTree = "<group>";
		};
		8E2BD4EB1423264C00D9B778 /* UploadPhotoDialog */ = {
			isa = PBXGroup;
			children = (
				8E2BD4EC1423264C00D9B778 /* ROPublishPhotoDialogModel.h */,
				8E2BD4ED1423264C00D9B778 /* ROPublishPhotoDialogModel.m */,
				8E2BD4EE1423264C00D9B778 /* ROPublishPhotoInternal.h */,
				8E2BD4EF1423264C00D9B778 /* ROPublishPhotoInternal.m */,
			);
			path = UploadPhotoDialog;
			sourceTree = "<group>";
		};
		8E2BD4F01423264C00D9B778 /* Tools */ = {
			isa = PBXGroup;
			children = (
				8E2BD4F11423264C00D9B778 /* ROUtility.h */,
				8E2BD4F21423264C00D9B778 /* ROUtility.m */,
				8E2BD4F31423264C00D9B778 /* UI */,
			);
			path = Tools;
			sourceTree = "<group>";
		};
		8E2BD4F31423264C00D9B778 /* UI */ = {
			isa = PBXGroup;
			children = (
				8E2BD4F41423264C00D9B778 /* ROCloseButton.h */,
				8E2BD4F51423264C00D9B778 /* ROCloseButton.m */,
				8E2BD4F61423264C00D9B778 /* ROGlobalStyle.h */,
				8E2BD4F71423264C00D9B778 /* ROGlobalStyle.m */,
				8E2BD4F81423264C00D9B778 /* ROImageView.h */,
				8E2BD4F91423264C00D9B778 /* ROImageView.m */,
			);
			path = UI;
			sourceTree = "<group>";
		};
		962A75291407BC9200D7F4C9 /* iPad */ = {
			isa = PBXGroup;
			children = (
				962A752A1407BC9900D7F4C9 /* MainWindow-iPad.xib */,
			);
			name = iPad;
			sourceTree = "<group>";
		};
		96FC0437140F650E00BC6757 /* ViewControllers */ = {
			isa = PBXGroup;
			children = (
				BDB7A9541401E9E700B7A9ED /* LoginViewController.h */,
				BDB7A9551401E9E700B7A9ED /* LoginViewController.m */,
				BDB7A95A1401EB3000B7A9ED /* ServiceTableViewController.h */,
				BDB7A95B1401EB3000B7A9ED /* ServiceTableViewController.m */,
				BDB7A95C1401EB3000B7A9ED /* ServiceTableViewController.xib */,
				8EF31C2F14034528004F7AC8 /* PasswordFlowLoginViewController.h */,
				8EF31C3014034528004F7AC8 /* PasswordFlowLoginViewController.m */,
				8EF31C3114034528004F7AC8 /* PasswordFlowLoginViewController.xib */,
				9610E433140665CF00FADDB7 /* StatusPostViewController.h */,
				9610E432140665CF00FADDB7 /* StatusPostViewController.m */,
				9610E434140665CF00FADDB7 /* StatusPostViewController.xib */,
				BD354DCA14037F3500FAD694 /* CheckLogViewController.h */,
				BD354DCB14037F3500FAD694 /* CheckLogViewController.m */,
				BD354DCC14037F3500FAD694 /* CheckLogViewController.xib */,
				8EBFBA581404CBA100D02E8D /* CurrentUserInfoViewController.h */,
				8EBFBA591404CBA100D02E8D /* CurrentUserInfoViewController.m */,
				8EBFBA5A1404CBA100D02E8D /* CurrentUserInfoViewController.xib */,
				8E7BC977140508D9008979BB /* OtherUsersInfoViewController.h */,
				8E7BC978140508D9008979BB /* OtherUsersInfoViewController.m */,
				8E7BC979140508D9008979BB /* OtherUsersInfoViewController.xib */,
				8EAB6E1A1405EC2300BA503A /* AlbumInfoViewController.h */,
				8EAB6E1B1405EC2300BA503A /* AlbumInfoViewController.m */,
				8EAB6E1C1405EC2300BA503A /* AlbumInfoViewController.xib */,
				8EAB6F7114062D7B00BA503A /* CreateAlbumViewController.h */,
				8EAB6F7214062D7B00BA503A /* CreateAlbumViewController.m */,
				8EAB6F7314062D7B00BA503A /* CreateAlbumViewController.xib */,
				8EAB703014064FFB00BA503A /* GetFriendsViewController.h */,
				8EAB703114064FFB00BA503A /* GetFriendsViewController.m */,
				8EAB703214064FFB00BA503A /* GetFriendsViewController.xib */,
				8EAB707B14065BF600BA503A /* RequestBaseViewController.h */,
				8EAB707C14065BF600BA503A /* RequestBaseViewController.m */,
				962A751B1407934800D7F4C9 /* PhotoUploadViewController.h */,
				962A751C1407934800D7F4C9 /* PhotoUploadViewController.m */,
				962A751D1407934800D7F4C9 /* PhotoUploadViewController.xib */,
				8E40FE4E140E386D00676F74 /* GetFriendsInfoViewController.h */,
				8E40FE4F140E386D00676F74 /* GetFriendsInfoViewController.m */,
				8E40FE50140E386D00676F74 /* GetFriendsInfoViewController.xib */,
			);
			name = ViewControllers;
			sourceTree = "<group>";
		};
		BDD0826413FE35DA00024EE6 = {
			isa = PBXGroup;
			children = (
				BDD0827913FE35DA00024EE6 /* RenrenSDKDemo */,
				BDD0827213FE35DA00024EE6 /* Frameworks */,
				BDD0827013FE35DA00024EE6 /* Products */,
			);
			sourceTree = "<group>";
		};
		BDD0827013FE35DA00024EE6 /* Products */ = {
			isa = PBXGroup;
			children = (
				BDD0826F13FE35DA00024EE6 /* RenrenSDKDemo.app */,
			);
			name = Products;
			sourceTree = "<group>";
		};
		BDD0827213FE35DA00024EE6 /* Frameworks */ = {
			isa = PBXGroup;
			children = (
				44B1142C14022E4A00426D45 /* QuartzCore.framework */,
				BDD0827313FE35DA00024EE6 /* UIKit.framework */,
				BDD0827513FE35DA00024EE6 /* Foundation.framework */,
				BDD0827713FE35DA00024EE6 /* CoreGraphics.framework */,
			);
			name = Frameworks;
			sourceTree = "<group>";
		};
		BDD0827913FE35DA00024EE6 /* RenrenSDKDemo */ = {
			isa = PBXGroup;
			children = (
				8E2BD4AE1423264C00D9B778 /* Renren */,
				8E2BD49A1423263F00D9B778 /* JSON */,
				96FC0437140F650E00BC6757 /* ViewControllers */,
				962A75291407BC9200D7F4C9 /* iPad */,
				BD1299031403BAF400782D28 /* RORequest+InitWithDelegate.h */,
				BD1299041403BAF400782D28 /* RORequest+InitWithDelegate.m */,
				BDD0828213FE35DA00024EE6 /* RenrenSDKDemoAppDelegate.h */,
				BDD0828313FE35DA00024EE6 /* RenrenSDKDemoAppDelegate.m */,
				BDD0828513FE35DA00024EE6 /* MainWindow.xib */,
				BDCC8B481403842800282BC7 /* LogManager.m */,
				BDCC8B491403842800282BC7 /* LogManager.h */,
				BDD0827A13FE35DA00024EE6 /* Supporting Files */,
			);
			path = RenrenSDKDemo;
			sourceTree = "<group>";
		};
		BDD0827A13FE35DA00024EE6 /* Supporting Files */ = {
			isa = PBXGroup;
			children = (
				BDE45A8513FE6ECA004BBAE4 /* renren_logo.png */,
				BDD0827B13FE35DA00024EE6 /* RenrenSDKDemo-Info.plist */,
				BDD0827C13FE35DA00024EE6 /* InfoPlist.strings */,
				BDD0827F13FE35DA00024EE6 /* RenrenSDKDemo-Prefix.pch */,
				BDD0828013FE35DA00024EE6 /* main.m */,
			);
			name = "Supporting Files";
			sourceTree = "<group>";
		};
/* End PBXGroup section */

/* Begin PBXNativeTarget section */
		BDD0826E13FE35DA00024EE6 /* RenrenSDKDemo */ = {
			isa = PBXNativeTarget;
			buildConfigurationList = BDD0829013FE35DA00024EE6 /* Build configuration list for PBXNativeTarget "RenrenSDKDemo" */;
			buildPhases = (
				BDD0826B13FE35DA00024EE6 /* Sources */,
				BDD0826C13FE35DA00024EE6 /* Frameworks */,
				BDD0826D13FE35DA00024EE6 /* Resources */,
			);
			buildRules = (
			);
			dependencies = (
			);
			name = RenrenSDKDemo;
			productName = RenrenSDKDemo;
			productReference = BDD0826F13FE35DA00024EE6 /* RenrenSDKDemo.app */;
			productType = "com.apple.product-type.application";
		};
/* End PBXNativeTarget section */

/* Begin PBXProject section */
		BDD0826613FE35DA00024EE6 /* Project object */ = {
			isa = PBXProject;
			buildConfigurationList = BDD0826913FE35DA00024EE6 /* Build configuration list for PBXProject "RenrenSDKDemo" */;
			compatibilityVersion = "Xcode 3.2";
			developmentRegion = English;
			hasScannedForEncodings = 0;
			knownRegions = (
				en,
			);
			mainGroup = BDD0826413FE35DA00024EE6;
			productRefGroup = BDD0827013FE35DA00024EE6 /* Products */;
			projectDirPath = "";
			projectRoot = "";
			targets = (
				BDD0826E13FE35DA00024EE6 /* RenrenSDKDemo */,
			);
		};
/* End PBXProject section */

/* Begin PBXResourcesBuildPhase section */
		BDD0826D13FE35DA00024EE6 /* Resources */ = {
			isa = PBXResourcesBuildPhase;
			buildActionMask = 2147483647;
			files = (
				BDD0827E13FE35DA00024EE6 /* InfoPlist.strings in Resources */,
				BDD0828713FE35DA00024EE6 /* MainWindow.xib in Resources */,
				BDE45A8613FE6ECA004BBAE4 /* renren_logo.png in Resources */,
				BDB7A95E1401EB3000B7A9ED /* ServiceTableViewController.xib in Resources */,
				8EF31C3314034528004F7AC8 /* PasswordFlowLoginViewController.xib in Resources */,
				BD354DCE14037F3500FAD694 /* CheckLogViewController.xib in Resources */,
				8EBFBA5C1404CBA100D02E8D /* CurrentUserInfoViewController.xib in Resources */,
				8E7BC97B140508D9008979BB /* OtherUsersInfoViewController.xib in Resources */,
				8EAB6E1E1405EC2300BA503A /* AlbumInfoViewController.xib in Resources */,
				8EAB6F7514062D7B00BA503A /* CreateAlbumViewController.xib in Resources */,
				8EAB703414064FFB00BA503A /* GetFriendsViewController.xib in Resources */,
				9610E436140665CF00FADDB7 /* StatusPostViewController.xib in Resources */,
				962A751F1407934800D7F4C9 /* PhotoUploadViewController.xib in Resources */,
				962A752C1407BC9900D7F4C9 /* MainWindow-iPad.xib in Resources */,
				8E40FE52140E386D00676F74 /* GetFriendsInfoViewController.xib in Resources */,
				8E2BD4FB1423264C00D9B778 /* bottom-bar.png in Resources */,
				8E2BD4FC1423264C00D9B778 /* bottom-bar@2x.png in Resources */,
				8E2BD4FD1423264C00D9B778 /* head-frame.png in Resources */,
				8E2BD4FE1423264C00D9B778 /* head-frame@2x.png in Resources */,
				8E2BD4FF1423264C00D9B778 /* input-frame.png in Resources */,
				8E2BD5001423264C00D9B778 /* input-frame@2x.png in Resources */,
				8E2BD5011423264C00D9B778 /* photo-frame.png in Resources */,
				8E2BD5021423264C00D9B778 /* photo-frame@2x.png in Resources */,
				8E2BD5031423264C00D9B778 /* renren-logo-top-bar.png in Resources */,
				8E2BD5041423264C00D9B778 /* renren-logo-top-bar@2x.png in Resources */,
				8E2BD5051423264C00D9B778 /* small-button-normal.png in Resources */,
				8E2BD5061423264C00D9B778 /* small-button-normal@2x.png in Resources */,
			);
			runOnlyForDeploymentPostprocessing = 0;
		};
/* End PBXResourcesBuildPhase section */

/* Begin PBXSourcesBuildPhase section */
		BDD0826B13FE35DA00024EE6 /* Sources */ = {
			isa = PBXSourcesBuildPhase;
			buildActionMask = 2147483647;
			files = (
				BDD0828113FE35DA00024EE6 /* main.m in Sources */,
				BDD0828413FE35DA00024EE6 /* RenrenSDKDemoAppDelegate.m in Sources */,
				BDB7A9561401E9E700B7A9ED /* LoginViewController.m in Sources */,
				BDB7A95D1401EB3000B7A9ED /* ServiceTableViewController.m in Sources */,
				8EF31C3214034528004F7AC8 /* PasswordFlowLoginViewController.m in Sources */,
				BD354DCD14037F3500FAD694 /* CheckLogViewController.m in Sources */,
				BDCC8B4A1403842800282BC7 /* LogManager.m in Sources */,
				BD1299051403BAF500782D28 /* RORequest+InitWithDelegate.m in Sources */,
				8EBFBA5B1404CBA100D02E8D /* CurrentUserInfoViewController.m in Sources */,
				8E7BC97A140508D9008979BB /* OtherUsersInfoViewController.m in Sources */,
				8EAB6E1D1405EC2300BA503A /* AlbumInfoViewController.m in Sources */,
				8EAB6F7414062D7B00BA503A /* CreateAlbumViewController.m in Sources */,
				8EAB703314064FFB00BA503A /* GetFriendsViewController.m in Sources */,
				8EAB707D14065BF600BA503A /* RequestBaseViewController.m in Sources */,
				9610E435140665CF00FADDB7 /* StatusPostViewController.m in Sources */,
				962A751E1407934800D7F4C9 /* PhotoUploadViewController.m in Sources */,
				8E40FE51140E386D00676F74 /* GetFriendsInfoViewController.m in Sources */,
				8E2BD4A81423263F00D9B778 /* NSObject+SBJSON.m in Sources */,
				8E2BD4A91423263F00D9B778 /* NSString+SBJSON.m in Sources */,
				8E2BD4AA1423263F00D9B778 /* SBJSON.m in Sources */,
				8E2BD4AB1423263F00D9B778 /* SBJsonBase.m in Sources */,
				8E2BD4AC1423263F00D9B778 /* SBJsonParser.m in Sources */,
				8E2BD4AD1423263F00D9B778 /* SBJsonWriter.m in Sources */,
				8E2BD4FA1423264C00D9B778 /* ROError.m in Sources */,
				8E2BD5071423264C00D9B778 /* Renren.m in Sources */,
				8E2BD5081423264C00D9B778 /* ROAlbumsInfoRequestParam.m in Sources */,
				8E2BD5091423264C00D9B778 /* ROCreateAlbumRequestParam.m in Sources */,
				8E2BD50A1423264C00D9B778 /* ROGetFriendsInfoRequestParam.m in Sources */,
				8E2BD50B1423264C00D9B778 /* ROGetFriendsRequestParam.m in Sources */,
				8E2BD50C1423264C00D9B778 /* ROPasswordFlowRequestParam.m in Sources */,
				8E2BD50D1423264C00D9B778 /* ROPublishPhotoRequestParam.m in Sources */,
				8E2BD50E1423264C00D9B778 /* RORequestParam.m in Sources */,
				8E2BD50F1423264C00D9B778 /* ROUserInfoRequestParam.m in Sources */,
				8E2BD5101423264C00D9B778 /* ROAlbumResponseltem.m in Sources */,
				8E2BD5111423264C00D9B778 /* ROCreateAlbumResponseItem.m in Sources */,
				8E2BD5121423264C00D9B778 /* ROFriendResponseItem.m in Sources */,
				8E2BD5131423264C00D9B778 /* ROPublishPhotoResponseItem.m in Sources */,
				8E2BD5141423264C00D9B778 /* ROResponseItem.m in Sources */,
				8E2BD5151423264C00D9B778 /* ROUserResponseItem.m in Sources */,
				8E2BD5161423264C00D9B778 /* RODialog.m in Sources */,
				8E2BD5171423264C00D9B778 /* RORequest.m in Sources */,
				8E2BD5181423264C00D9B778 /* ROResponse.m in Sources */,
				8E2BD5191423264C00D9B778 /* RODialogModel.m in Sources */,
				8E2BD51A1423264C00D9B778 /* RODialogView.m in Sources */,
				8E2BD51B1423264C00D9B778 /* ROPublishPhotoDialogModel.m in Sources */,
				8E2BD51C1423264C00D9B778 /* ROPublishPhotoInternal.m in Sources */,
				8E2BD51D1423264C00D9B778 /* ROUtility.m in Sources */,
				8E2BD51E1423264C00D9B778 /* ROCloseButton.m in Sources */,
				8E2BD51F1423264C00D9B778 /* ROGlobalStyle.m in Sources */,
				8E2BD5201423264C00D9B778 /* ROImageView.m in Sources */,
			);
			runOnlyForDeploymentPostprocessing = 0;
		};
/* End PBXSourcesBuildPhase section */

/* Begin PBXVariantGroup section */
		962A752A1407BC9900D7F4C9 /* MainWindow-iPad.xib */ = {
			isa = PBXVariantGroup;
			children = (
				962A752B1407BC9900D7F4C9 /* en */,
			);
			name = "MainWindow-iPad.xib";
			sourceTree = "<group>";
		};
		BDD0827C13FE35DA00024EE6 /* InfoPlist.strings */ = {
			isa = PBXVariantGroup;
			children = (
				BDD0827D13FE35DA00024EE6 /* en */,
			);
			name = InfoPlist.strings;
			sourceTree = "<group>";
		};
		BDD0828513FE35DA00024EE6 /* MainWindow.xib */ = {
			isa = PBXVariantGroup;
			children = (
				BDD0828613FE35DA00024EE6 /* en */,
			);
			name = MainWindow.xib;
			sourceTree = "<group>";
		};
/* End PBXVariantGroup section */

/* Begin XCBuildConfiguration section */
		BDD0828E13FE35DA00024EE6 /* Debug */ = {
			isa = XCBuildConfiguration;
			buildSettings = {
				ARCHS = "$(ARCHS_STANDARD_32_BIT)";
				"CODE_SIGN_IDENTITY[sdk=iphoneos*]" = "iPhone Developer";
				GCC_C_LANGUAGE_STANDARD = gnu99;
				GCC_OPTIMIZATION_LEVEL = 0;
				GCC_PREPROCESSOR_DEFINITIONS = DEBUG;
				GCC_SYMBOLS_PRIVATE_EXTERN = NO;
				GCC_VERSION = com.apple.compilers.llvmgcc42;
				GCC_WARN_ABOUT_RETURN_TYPE = YES;
				GCC_WARN_UNUSED_VARIABLE = YES;
				IPHONEOS_DEPLOYMENT_TARGET = 4.0;
				SDKROOT = iphoneos;
			};
			name = Debug;
		};
		BDD0828F13FE35DA00024EE6 /* Release */ = {
			isa = XCBuildConfiguration;
			buildSettings = {
				ARCHS = "$(ARCHS_STANDARD_32_BIT)";
				"CODE_SIGN_IDENTITY[sdk=iphoneos*]" = "iPhone Developer";
				GCC_C_LANGUAGE_STANDARD = gnu99;
				GCC_VERSION = com.apple.compilers.llvmgcc42;
				GCC_WARN_ABOUT_RETURN_TYPE = YES;
				GCC_WARN_UNUSED_VARIABLE = YES;
				IPHONEOS_DEPLOYMENT_TARGET = 4.0;
				OTHER_CFLAGS = "-DNS_BLOCK_ASSERTIONS=1";
				SDKROOT = iphoneos;
			};
			name = Release;
		};
		BDD0829113FE35DA00024EE6 /* Debug */ = {
			isa = XCBuildConfiguration;
			buildSettings = {
				ALWAYS_SEARCH_USER_PATHS = NO;
				COPY_PHASE_STRIP = NO;
				GCC_DYNAMIC_NO_PIC = NO;
				GCC_PRECOMPILE_PREFIX_HEADER = YES;
				GCC_PREFIX_HEADER = "RenrenSDKDemo/RenrenSDKDemo-Prefix.pch";
				INFOPLIST_FILE = "RenrenSDKDemo/RenrenSDKDemo-Info.plist";
				IPHONEOS_DEPLOYMENT_TARGET = 3.1;
				PRODUCT_NAME = "$(TARGET_NAME)";
				TARGETED_DEVICE_FAMILY = "1,2";
				WRAPPER_EXTENSION = app;
			};
			name = Debug;
		};
		BDD0829213FE35DA00024EE6 /* Release */ = {
			isa = XCBuildConfiguration;
			buildSettings = {
				ALWAYS_SEARCH_USER_PATHS = NO;
				COPY_PHASE_STRIP = YES;
				GCC_PRECOMPILE_PREFIX_HEADER = YES;
				GCC_PREFIX_HEADER = "RenrenSDKDemo/RenrenSDKDemo-Prefix.pch";
				INFOPLIST_FILE = "RenrenSDKDemo/RenrenSDKDemo-Info.plist";
				IPHONEOS_DEPLOYMENT_TARGET = 3.1;
				PRODUCT_NAME = "$(TARGET_NAME)";
				TARGETED_DEVICE_FAMILY = "1,2";
				VALIDATE_PRODUCT = YES;
				WRAPPER_EXTENSION = app;
			};
			name = Release;
		};
/* End XCBuildConfiguration section */

/* Begin XCConfigurationList section */
		BDD0826913FE35DA00024EE6 /* Build configuration list for PBXProject "RenrenSDKDemo" */ = {
			isa = XCConfigurationList;
			buildConfigurations = (
				BDD0828E13FE35DA00024EE6 /* Debug */,
				BDD0828F13FE35DA00024EE6 /* Release */,
			);
			defaultConfigurationIsVisible = 0;
			defaultConfigurationName = Release;
		};
		BDD0829013FE35DA00024EE6 /* Build configuration list for PBXNativeTarget "RenrenSDKDemo" */ = {
			isa = XCConfigurationList;
			buildConfigurations = (
				BDD0829113FE35DA00024EE6 /* Debug */,
				BDD0829213FE35DA00024EE6 /* Release */,
			);
			defaultConfigurationIsVisible = 0;
			defaultConfigurationName = Release;
		};
/* End XCConfigurationList section */
	};
	rootObject = BDD0826613FE35DA00024EE6 /* Project object */;
}
